
Microsoft Visual Studio Solution File, Format Version 12.00
# Visual Studio Version 16
VisualStudioVersion = 16.0.32002.261
MinimumVisualStudioVersion = 10.0.40219.1
Project("{FAE04EC0-301F-11D3-BF4B-00C04F79EFBC}") = "form10", "form10\form10.csproj", "{ADCA0F96-3B7F-494D-89C1-495794FF0557}"
EndProject
Global
	GlobalSection(SolutionConfigurationPlatforms) = preSolution
		Debug|Any CPU = Debug|Any CPU
		Release|Any CPU = Release|Any CPU
	EndGlobalSection
	GlobalSection(ProjectConfigurationPlatforms) = postSolution
		{ADCA0F96-3B7F-494D-89C1-495794FF0557}.Debug|Any CPU.ActiveCfg = Debug|Any CPU
		{ADCA0F96-3B7F-494D-89C1-495794FF0557}.Debug|Any CPU.Build.0 = Debug|Any CPU
		{ADCA0F96-3B7F-494D-89C1-495794FF0557}.Release|Any CPU.ActiveCfg = Release|Any CPU
		{ADCA0F96-3B7F-494D-89C1-495794FF0557}.Release|Any CPU.Build.0 = Release|Any CPU
	EndGlobalSection
	GlobalSection(SolutionProperties) = preSolution
		HideSolutionNode = FALSE
	EndGlobalSection
	GlobalSection(ExtensibilityGlobals) = postSolution
		SolutionGuid = {B88520F7-9548-4645-9765-A99977433991}
	EndGlobalSection
EndGlobal
