
Microsoft Visual Studio Solution File, Format Version 12.00
# Visual Studio Version 16
VisualStudioVersion = 16.0.32002.261
MinimumVisualStudioVersion = 10.0.40219.1
Project("{FAE04EC0-301F-11D3-BF4B-00C04F79EFBC}") = "WinFormsApp1", "WinFormsApp1\WinFormsApp1.csproj", "{AC29BE7E-6B4D-4FB6-BE3B-5A5CC7893F4E}"
EndProject
Global
	GlobalSection(SolutionConfigurationPlatforms) = preSolution
		Debug|Any CPU = Debug|Any CPU
		Release|Any CPU = Release|Any CPU
	EndGlobalSection
	GlobalSection(ProjectConfigurationPlatforms) = postSolution
		{AC29BE7E-6B4D-4FB6-BE3B-5A5CC7893F4E}.Debug|Any CPU.ActiveCfg = Debug|Any CPU
		{AC29BE7E-6B4D-4FB6-BE3B-5A5CC7893F4E}.Debug|Any CPU.Build.0 = Debug|Any CPU
		{AC29BE7E-6B4D-4FB6-BE3B-5A5CC7893F4E}.Release|Any CPU.ActiveCfg = Release|Any CPU
		{AC29BE7E-6B4D-4FB6-BE3B-5A5CC7893F4E}.Release|Any CPU.Build.0 = Release|Any CPU
	EndGlobalSection
	GlobalSection(SolutionProperties) = preSolution
		HideSolutionNode = FALSE
	EndGlobalSection
	GlobalSection(ExtensibilityGlobals) = postSolution
		SolutionGuid = {DD84B259-5802-412A-BE2A-9F7210434960}
	EndGlobalSection
EndGlobal
